// !$*UTF8*$!
{
	archiveVersion = 1;
	classes = {
	};
	objectVersion = 52;
	objects = {

/* Begin PBXBuildFile section */
		A7D8C34823D971A500109296 /* AppDelegate.swift in Sources */ = {isa = PBXBuildFile; fileRef = A7D8C34723D971A500109296 /* AppDelegate.swift */; };
		A7D8C34A23D971A500109296 /* SceneDelegate.swift in Sources */ = {isa = PBXBuildFile; fileRef = A7D8C34923D971A500109296 /* SceneDelegate.swift */; };
		A7D8C34C23D971A500109296 /* ViewController.swift in Sources */ = {isa = PBXBuildFile; fileRef = A7D8C34B23D971A500109296 /* ViewController.swift */; };
		A7D8C34F23D971A500109296 /* Main.storyboard in Resources */ = {isa = PBXBuildFile; fileRef = A7D8C34D23D971A500109296 /* Main.storyboard */; };
		A7D8C35123D971A700109296 /* Assets.xcassets in Resources */ = {isa = PBXBuildFile; fileRef = A7D8C35023D971A700109296 /* Assets.xcassets */; };
		A7D8C35423D971A700109296 /* LaunchScreen.storyboard in Resources */ = {isa = PBXBuildFile; fileRef = A7D8C35223D971A700109296 /* LaunchScreen.storyboard */; };
		A7D8C35D23D976F400109296 /* NPNewsListTableViewController.swift in Sources */ = {isa = PBXBuildFile; fileRef = A7D8C35C23D976F400109296 /* NPNewsListTableViewController.swift */; };
		A7D8C36023D97CB500109296 /* ColorThemes.swift in Sources */ = {isa = PBXBuildFile; fileRef = A7D8C35F23D97CB500109296 /* ColorThemes.swift */; };
		A7D8C36323D98F5300109296 /* WebService.swift in Sources */ = {isa = PBXBuildFile; fileRef = A7D8C36223D98F5300109296 /* WebService.swift */; };
		A7D8C36623D9940600109296 /* Article.swift in Sources */ = {isa = PBXBuildFile; fileRef = A7D8C36523D9940600109296 /* Article.swift */; };
		A7D8C36923D9ABE600109296 /* ArticleViewModel.swift in Sources */ = {isa = PBXBuildFile; fileRef = A7D8C36823D9ABE600109296 /* ArticleViewModel.swift */; };
		A7D8C36C23D9B00900109296 /* ArticleTableViewCell.swift in Sources */ = {isa = PBXBuildFile; fileRef = A7D8C36B23D9B00900109296 /* ArticleTableViewCell.swift */; };
/* End PBXBuildFile section */

/* Begin PBXFileReference section */
		A7D8C34423D971A500109296 /* News Pegion.app */ = {isa = PBXFileReference; explicitFileType = wrapper.application; includeInIndex = 0; path = "News Pegion.app"; sourceTree = BUILT_PRODUCTS_DIR; };
		A7D8C34723D971A500109296 /* AppDelegate.swift */ = {isa = PBXFileReference; lastKnownFileType = sourcecode.swift; path = AppDelegate.swift; sourceTree = "<group>"; };
		A7D8C34923D971A500109296 /* SceneDelegate.swift */ = {isa = PBXFileReference; lastKnownFileType = sourcecode.swift; path = SceneDelegate.swift; sourceTree = "<group>"; };
		A7D8C34B23D971A500109296 /* ViewController.swift */ = {isa = PBXFileReference; lastKnownFileType = sourcecode.swift; path = ViewController.swift; sourceTree = "<group>"; };
		A7D8C34E23D971A500109296 /* Base */ = {isa = PBXFileReference; lastKnownFileType = file.storyboard; name = Base; path = Base.lproj/Main.storyboard; sourceTree = "<group>"; };
		A7D8C35023D971A700109296 /* Assets.xcassets */ = {isa = PBXFileReference; lastKnownFileType = folder.assetcatalog; path = Assets.xcassets; sourceTree = "<group>"; };
		A7D8C35323D971A700109296 /* Base */ = {isa = PBXFileReference; lastKnownFileType = file.storyboard; name = Base; path = Base.lproj/LaunchScreen.storyboard; sourceTree = "<group>"; };
		A7D8C35523D971A700109296 /* Info.plist */ = {isa = PBXFileReference; lastKnownFileType = text.plist.xml; path = Info.plist; sourceTree = "<group>"; };
		A7D8C35C23D976F400109296 /* NPNewsListTableViewController.swift */ = {isa = PBXFileReference; lastKnownFileType = sourcecode.swift; path = NPNewsListTableViewController.swift; sourceTree = "<group>"; };
		A7D8C35F23D97CB500109296 /* ColorThemes.swift */ = {isa = PBXFileReference; lastKnownFileType = sourcecode.swift; path = ColorThemes.swift; sourceTree = "<group>"; };
		A7D8C36223D98F5300109296 /* WebService.swift */ = {isa = PBXFileReference; lastKnownFileType = sourcecode.swift; path = WebService.swift; sourceTree = "<group>"; };
		A7D8C36523D9940600109296 /* Article.swift */ = {isa = PBXFileReference; lastKnownFileType = sourcecode.swift; path = Article.swift; sourceTree = "<group>"; };
		A7D8C36823D9ABE600109296 /* ArticleViewModel.swift */ = {isa = PBXFileReference; lastKnownFileType = sourcecode.swift; path = ArticleViewModel.swift; sourceTree = "<group>"; };
		A7D8C36B23D9B00900109296 /* ArticleTableViewCell.swift */ = {isa = PBXFileReference; lastKnownFileType = sourcecode.swift; path = ArticleTableViewCell.swift; sourceTree = "<group>"; };
/* End PBXFileReference section */

/* Begin PBXFrameworksBuildPhase section */
		A7D8C34123D971A500109296 /* Frameworks */ = {
			isa = PBXFrameworksBuildPhase;
			buildActionMask = 2147483647;
			files = (
			);
			runOnlyForDeploymentPostprocessing = 0;
		};
/* End PBXFrameworksBuildPhase section */

/* Begin PBXGroup section */
		A7D8C33B23D971A500109296 = {
			isa = PBXGroup;
			children = (
				A7D8C34623D971A500109296 /* NewsPegion */,
				A7D8C34523D971A500109296 /* Products */,
			);
			sourceTree = "<group>";
		};
		A7D8C34523D971A500109296 /* Products */ = {
			isa = PBXGroup;
			children = (
				A7D8C34423D971A500109296 /* News Pegion.app */,
			);
			name = Products;
			sourceTree = "<group>";
		};
		A7D8C34623D971A500109296 /* NewsPegion */ = {
			isa = PBXGroup;
			children = (
				A7D8C36A23D9AFF700109296 /* Cells */,
				A7D8C36723D9ABD300109296 /* ViewModels */,
				A7D8C36423D993F500109296 /* Model */,
				A7D8C36123D98F3D00109296 /* Services */,
				A7D8C35E23D97C8D00109296 /* Themes */,
				A7D8C35B23D9768800109296 /* Controllers */,
				A7D8C34723D971A500109296 /* AppDelegate.swift */,
				A7D8C34923D971A500109296 /* SceneDelegate.swift */,
				A7D8C34B23D971A500109296 /* ViewController.swift */,
				A7D8C34D23D971A500109296 /* Main.storyboard */,
				A7D8C35023D971A700109296 /* Assets.xcassets */,
				A7D8C35223D971A700109296 /* LaunchScreen.storyboard */,
				A7D8C35523D971A700109296 /* Info.plist */,
			);
			path = NewsPegion;
			sourceTree = "<group>";
		};
		A7D8C35B23D9768800109296 /* Controllers */ = {
			isa = PBXGroup;
			children = (
				A7D8C35C23D976F400109296 /* NPNewsListTableViewController.swift */,
			);
			path = Controllers;
			sourceTree = "<group>";
		};
		A7D8C35E23D97C8D00109296 /* Themes */ = {
			isa = PBXGroup;
			children = (
				A7D8C35F23D97CB500109296 /* ColorThemes.swift */,
			);
			path = Themes;
			sourceTree = "<group>";
		};
		A7D8C36123D98F3D00109296 /* Services */ = {
			isa = PBXGroup;
			children = (
				A7D8C36223D98F5300109296 /* WebService.swift */,
			);
			path = Services;
			sourceTree = "<group>";
		};
		A7D8C36423D993F500109296 /* Model */ = {
			isa = PBXGroup;
			children = (
				A7D8C36523D9940600109296 /* Article.swift */,
			);
			path = Model;
			sourceTree = "<group>";
		};
		A7D8C36723D9ABD300109296 /* ViewModels */ = {
			isa = PBXGroup;
			children = (
				A7D8C36823D9ABE600109296 /* ArticleViewModel.swift */,
			);
			path = ViewModels;
			sourceTree = "<group>";
		};
		A7D8C36A23D9AFF700109296 /* Cells */ = {
			isa = PBXGroup;
			children = (
				A7D8C36B23D9B00900109296 /* ArticleTableViewCell.swift */,
			);
			path = Cells;
			sourceTree = "<group>";
		};
/* End PBXGroup section */

/* Begin PBXNativeTarget section */
		A7D8C34323D971A500109296 /* NewsPegion */ = {
			isa = PBXNativeTarget;
			buildConfigurationList = A7D8C35823D971A700109296 /* Build configuration list for PBXNativeTarget "NewsPegion" */;
			buildPhases = (
				A7D8C34023D971A500109296 /* Sources */,
				A7D8C34123D971A500109296 /* Frameworks */,
				A7D8C34223D971A500109296 /* Resources */,
			);
			buildRules = (
			);
			dependencies = (
			);
			name = NewsPegion;
			productName = NewsPegion;
			productReference = A7D8C34423D971A500109296 /* News Pegion.app */;
			productType = "com.apple.product-type.application";
		};
/* End PBXNativeTarget section */

/* Begin PBXProject section */
		A7D8C33C23D971A500109296 /* Project object */ = {
			isa = PBXProject;
			attributes = {
				CLASSPREFIX = NP;
				LastSwiftUpdateCheck = 1130;
				LastUpgradeCheck = 1130;
				ORGANIZATIONNAME = Sanjay;
				TargetAttributes = {
					A7D8C34323D971A500109296 = {
						CreatedOnToolsVersion = 11.3;
					};
				};
			};
			buildConfigurationList = A7D8C33F23D971A500109296 /* Build configuration list for PBXProject "NewsPegion" */;
			compatibilityVersion = "Xcode 11.0";
			developmentRegion = en;
			hasScannedForEncodings = 0;
			knownRegions = (
				en,
				Base,
			);
			mainGroup = A7D8C33B23D971A500109296;
			productRefGroup = A7D8C34523D971A500109296 /* Products */;
			projectDirPath = "";
			projectRoot = "";
			targets = (
				A7D8C34323D971A500109296 /* NewsPegion */,
			);
		};
/* End PBXProject section */

/* Begin PBXResourcesBuildPhase section */
		A7D8C34223D971A500109296 /* Resources */ = {
			isa = PBXResourcesBuildPhase;
			buildActionMask = 2147483647;
			files = (
				A7D8C35423D971A700109296 /* LaunchScreen.storyboard in Resources */,
				A7D8C35123D971A700109296 /* Assets.xcassets in Resources */,
				A7D8C34F23D971A500109296 /* Main.storyboard in Resources */,
			);
			runOnlyForDeploymentPostprocessing = 0;
		};
/* End PBXResourcesBuildPhase section */

/* Begin PBXSourcesBuildPhase section */
		A7D8C34023D971A500109296 /* Sources */ = {
			isa = PBXSourcesBuildPhase;
			buildActionMask = 2147483647;
			files = (
				A7D8C36623D9940600109296 /* Article.swift in Sources */,
				A7D8C36C23D9B00900109296 /* ArticleTableViewCell.swift in Sources */,
				A7D8C36923D9ABE600109296 /* ArticleViewModel.swift in Sources */,
				A7D8C35D23D976F400109296 /* NPNewsListTableViewController.swift in Sources */,
				A7D8C34C23D971A500109296 /* ViewController.swift in Sources */,
				A7D8C36323D98F5300109296 /* WebService.swift in Sources */,
				A7D8C34823D971A500109296 /* AppDelegate.swift in Sources */,
				A7D8C36023D97CB500109296 /* ColorThemes.swift in Sources */,
				A7D8C34A23D971A500109296 /* SceneDelegate.swift in Sources */,
			);
			runOnlyForDeploymentPostprocessing = 0;
		};
/* End PBXSourcesBuildPhase section */

/* Begin PBXVariantGroup section */
		A7D8C34D23D971A500109296 /* Main.storyboard */ = {
			isa = PBXVariantGroup;
			children = (
				A7D8C34E23D971A500109296 /* Base */,
			);
			name = Main.storyboard;
			sourceTree = "<group>";
		};
		A7D8C35223D971A700109296 /* LaunchScreen.storyboard */ = {
			isa = PBXVariantGroup;
			children = (
				A7D8C35323D971A700109296 /* Base */,
			);
			name = LaunchScreen.storyboard;
			sourceTree = "<group>";
		};
/* End PBXVariantGroup section */

/* Begin XCBuildConfiguration section */
		A7D8C35623D971A700109296 /* Debug */ = {
			isa = XCBuildConfiguration;
			buildSettings = {
				ALWAYS_SEARCH_USER_PATHS = NO;
				CLANG_ANALYZER_NONNULL = YES;
				CLANG_ANALYZER_NUMBER_OBJECT_CONVERSION = YES_AGGRESSIVE;
				CLANG_CXX_LANGUAGE_STANDARD = "gnu++14";
				CLANG_CXX_LIBRARY = "libc++";
				CLANG_ENABLE_MODULES = YES;
				CLANG_ENABLE_OBJC_ARC = YES;
				CLANG_ENABLE_OBJC_WEAK = YES;
				CLANG_WARN_BLOCK_CAPTURE_AUTORELEASING = YES;
				CLANG_WARN_BOOL_CONVERSION = YES;
				CLANG_WARN_COMMA = YES;
				CLANG_WARN_CONSTANT_CONVERSION = YES;
				CLANG_WARN_DEPRECATED_OBJC_IMPLEMENTATIONS = YES;
				CLANG_WARN_DIRECT_OBJC_ISA_USAGE = YES_ERROR;
				CLANG_WARN_DOCUMENTATION_COMMENTS = YES;
				CLANG_WARN_EMPTY_BODY = YES;
				CLANG_WARN_ENUM_CONVERSION = YES;
				CLANG_WARN_INFINITE_RECURSION = YES;
				CLANG_WARN_INT_CONVERSION = YES;
				CLANG_WARN_NON_LITERAL_NULL_CONVERSION = YES;
				CLANG_WARN_OBJC_IMPLICIT_RETAIN_SELF = YES;
				CLANG_WARN_OBJC_LITERAL_CONVERSION = YES;
				CLANG_WARN_OBJC_ROOT_CLASS = YES_ERROR;
				CLANG_WARN_RANGE_LOOP_ANALYSIS = YES;
				CLANG_WARN_STRICT_PROTOTYPES = YES;
				CLANG_WARN_SUSPICIOUS_MOVE = YES;
				CLANG_WARN_UNGUARDED_AVAILABILITY = YES_AGGRESSIVE;
				CLANG_WARN_UNREACHABLE_CODE = YES;
				CLANG_WARN__DUPLICATE_METHOD_MATCH = YES;
				COPY_PHASE_STRIP = NO;
				DEBUG_INFORMATION_FORMAT = dwarf;
				ENABLE_STRICT_OBJC_MSGSEND = YES;
				ENABLE_TESTABILITY = YES;
				GCC_C_LANGUAGE_STANDARD = gnu11;
				GCC_DYNAMIC_NO_PIC = NO;
				GCC_NO_COMMON_BLOCKS = YES;
				GCC_OPTIMIZATION_LEVEL = 0;
				GCC_PREPROCESSOR_DEFINITIONS = (
					"DEBUG=1",
					"$(inherited)",
				);
				GCC_WARN_64_TO_32_BIT_CONVERSION = YES;
				GCC_WARN_ABOUT_RETURN_TYPE = YES_ERROR;
				GCC_WARN_UNDECLARED_SELECTOR = YES;
				GCC_WARN_UNINITIALIZED_AUTOS = YES_AGGRESSIVE;
				GCC_WARN_UNUSED_FUNCTION = YES;
				GCC_WARN_UNUSED_VARIABLE = YES;
				IPHONEOS_DEPLOYMENT_TARGET = 13.2;
				MTL_ENABLE_DEBUG_INFO = INCLUDE_SOURCE;
				MTL_FAST_MATH = YES;
				ONLY_ACTIVE_ARCH = YES;
				SDKROOT = iphoneos;
				SWIFT_ACTIVE_COMPILATION_CONDITIONS = DEBUG;
				SWIFT_OPTIMIZATION_LEVEL = "-Onone";
			};
			name = Debug;
		};
		A7D8C35723D971A700109296 /* Release */ = {
			isa = XCBuildConfiguration;
			buildSettings = {
				ALWAYS_SEARCH_USER_PATHS = NO;
				CLANG_ANALYZER_NONNULL = YES;
				CLANG_ANALYZER_NUMBER_OBJECT_CONVERSION = YES_AGGRESSIVE;
				CLANG_CXX_LANGUAGE_STANDARD = "gnu++14";
				CLANG_CXX_LIBRARY = "libc++";
				CLANG_ENABLE_MODULES = YES;
				CLANG_ENABLE_OBJC_ARC = YES;
				CLANG_ENABLE_OBJC_WEAK = YES;
				CLANG_WARN_BLOCK_CAPTURE_AUTORELEASING = YES;
				CLANG_WARN_BOOL_CONVERSION = YES;
				CLANG_WARN_COMMA = YES;
				CLANG_WARN_CONSTANT_CONVERSION = YES;
				CLANG_WARN_DEPRECATED_OBJC_IMPLEMENTATIONS = YES;
				CLANG_WARN_DIRECT_OBJC_ISA_USAGE = YES_ERROR;
				CLANG_WARN_DOCUMENTATION_COMMENTS = YES;
				CLANG_WARN_EMPTY_BODY = YES;
				CLANG_WARN_ENUM_CONVERSION = YES;
				CLANG_WARN_INFINITE_RECURSION = YES;
				CLANG_WARN_INT_CONVERSION = YES;
				CLANG_WARN_NON_LITERAL_NULL_CONVERSION = YES;
				CLANG_WARN_OBJC_IMPLICIT_RETAIN_SELF = YES;
				CLANG_WARN_OBJC_LITERAL_CONVERSION = YES;
				CLANG_WARN_OBJC_ROOT_CLASS = YES_ERROR;
				CLANG_WARN_RANGE_LOOP_ANALYSIS = YES;
				CLANG_WARN_STRICT_PROTOTYPES = YES;
				CLANG_WARN_SUSPICIOUS_MOVE = YES;
				CLANG_WARN_UNGUARDED_AVAILABILITY = YES_AGGRESSIVE;
				CLANG_WARN_UNREACHABLE_CODE = YES;
				CLANG_WARN__DUPLICATE_METHOD_MATCH = YES;
				COPY_PHASE_STRIP = NO;
				DEBUG_INFORMATION_FORMAT = "dwarf-with-dsym";
				ENABLE_NS_ASSERTIONS = NO;
				ENABLE_STRICT_OBJC_MSGSEND = YES;
				GCC_C_LANGUAGE_STANDARD = gnu11;
				GCC_NO_COMMON_BLOCKS = YES;
				GCC_WARN_64_TO_32_BIT_CONVERSION = YES;
				GCC_WARN_ABOUT_RETURN_TYPE = YES_ERROR;
				GCC_WARN_UNDECLARED_SELECTOR = YES;
				GCC_WARN_UNINITIALIZED_AUTOS = YES_AGGRESSIVE;
				GCC_WARN_UNUSED_FUNCTION = YES;
				GCC_WARN_UNUSED_VARIABLE = YES;
				IPHONEOS_DEPLOYMENT_TARGET = 13.2;
				MTL_ENABLE_DEBUG_INFO = NO;
				MTL_FAST_MATH = YES;
				SDKROOT = iphoneos;
				SWIFT_COMPILATION_MODE = wholemodule;
				SWIFT_OPTIMIZATION_LEVEL = "-O";
				VALIDATE_PRODUCT = YES;
			};
			name = Release;
		};
		A7D8C35923D971A700109296 /* Debug */ = {
			isa = XCBuildConfiguration;
			buildSettings = {
				ASSETCATALOG_COMPILER_APPICON_NAME = AppIcon;
				CODE_SIGN_STYLE = Automatic;
				DEVELOPMENT_TEAM = A3KP5SQ39M;
				INFOPLIST_FILE = NewsPegion/Info.plist;
				LD_RUNPATH_SEARCH_PATHS = (
					"$(inherited)",
					"@executable_path/Frameworks",
				);
				PRODUCT_BUNDLE_IDENTIFIER = com.sanjaypathak.NewsPegion;
				PRODUCT_NAME = "News Pegion";
				SWIFT_VERSION = 5.0;
				TARGETED_DEVICE_FAMILY = "1,2";
			};
			name = Debug;
		};
		A7D8C35A23D971A700109296 /* Release */ = {
			isa = XCBuildConfiguration;
			buildSettings = {
				ASSETCATALOG_COMPILER_APPICON_NAME = AppIcon;
				CODE_SIGN_STYLE = Automatic;
				DEVELOPMENT_TEAM = A3KP5SQ39M;
				INFOPLIST_FILE = NewsPegion/Info.plist;
				LD_RUNPATH_SEARCH_PATHS = (
					"$(inherited)",
					"@executable_path/Frameworks",
				);
				PRODUCT_BUNDLE_IDENTIFIER = com.sanjaypathak.NewsPegion;
				PRODUCT_NAME = "News Pegion";
				SWIFT_VERSION = 5.0;
				TARGETED_DEVICE_FAMILY = "1,2";
			};
			name = Release;
		};
/* End XCBuildConfiguration section */

/* Begin XCConfigurationList section */
		A7D8C33F23D971A500109296 /* Build configuration list for PBXProject "NewsPegion" */ = {
			isa = XCConfigurationList;
			buildConfigurations = (
				A7D8C35623D971A700109296 /* Debug */,
				A7D8C35723D971A700109296 /* Release */,
			);
			defaultConfigurationIsVisible = 0;
			defaultConfigurationName = Release;
		};
		A7D8C35823D971A700109296 /* Build configuration list for PBXNativeTarget "NewsPegion" */ = {
			isa = XCConfigurationList;
			buildConfigurations = (
				A7D8C35923D971A700109296 /* Debug */,
				A7D8C35A23D971A700109296 /* Release */,
			);
			defaultConfigurationIsVisible = 0;
			defaultConfigurationName = Release;
		};
/* End XCConfigurationList section */
	};
	rootObject = A7D8C33C23D971A500109296 /* Project object */;
}
